{
  "name": "carte-blanche",
  "version": "1.0.0",
  "lockfileVersion": 1,
  "requires": true,
  "dependencies": {
    "@napi-rs/triples": {
      "version": "1.0.2",
      "resolved": "https://registry.npmjs.org/@napi-rs/triples/-/triples-1.0.2.tgz",
      "integrity": "sha512-EL3SiX43m9poFSnhDx4d4fn9SSaqyO2rHsCNhETi9bWPmjXK3uPJ0QpPFtx39FEdHcz1vJmsiW41kqc0AgvtzQ=="
    },
    "@node-rs/helper": {
      "version": "1.2.0",
      "resolved": "https://registry.npmjs.org/@node-rs/helper/-/helper-1.2.0.tgz",
      "integrity": "sha512-pzIFIS0POyqWVqdcF0NQO2DjnO1IeI1UN/hENCZMW3o/ndEpTmZLRVhoXGSHjjzoQaEuHwzj79BnYUXI3syv8w==",
      "requires": {
        "@napi-rs/triples": "^1.0.2",
        "tslib": "^2.2.0"
      }
    },
    "@swc/core": {
      "version": "1.2.61",
      "resolved": "https://registry.npmjs.org/@swc/core/-/core-1.2.61.tgz",
      "integrity": "sha512-22m4AazWoRJpYbMdcY4zJDFFzDnLCN2ug13LoURymKLkavBDA6z9HjWM9w95sKqycqxHzy7+oROd9+f+t9/faA==",
      "requires": {
        "@node-rs/helper": "^1.0.0",
        "@swc/core-android-arm64": "^1.2.61",
        "@swc/core-darwin-arm64": "^1.2.61",
        "@swc/core-darwin-x64": "^1.2.61",
        "@swc/core-freebsd-x64": "^1.2.61",
        "@swc/core-linux-arm-gnueabihf": "^1.2.61",
        "@swc/core-linux-arm64-gnu": "^1.2.61",
        "@swc/core-linux-arm64-musl": "^1.2.61",
        "@swc/core-linux-x64-gnu": "^1.2.61",
        "@swc/core-linux-x64-musl": "^1.2.61",
        "@swc/core-win32-arm64-msvc": "^1.2.61",
        "@swc/core-win32-ia32-msvc": "^1.2.61",
        "@swc/core-win32-x64-msvc": "^1.2.61"
      }
    },
    "@swc/core-android-arm64": {
      "version": "1.2.61",
      "resolved": "https://registry.npmjs.org/@swc/core-android-arm64/-/core-android-arm64-1.2.61.tgz",
      "integrity": "sha512-dtRiNkHfJyyjJZ8AG0wYMgo5OOXf6h/cPjOCKI44Y9VeCIrhejYrBd3H4GtCac5UFNybdElCdfZ/2K5yrLbrPg==",
      "optional": true
    },
    "@swc/core-darwin-arm64": {
      "version": "1.2.61",
      "resolved": "https://registry.npmjs.org/@swc/core-darwin-arm64/-/core-darwin-arm64-1.2.61.tgz",
      "integrity": "sha512-NYAXyCxJW/7BOzez1PWfxg3OjJWhSCbZW4XGhphMT/DeAgT4c0f+/xr/RmPpasX2DnddT98IeH7YaN5TNDLfVg==",
      "optional": true
    },
    "@swc/core-darwin-x64": {
      "version": "1.2.61",
      "resolved": "https://registry.npmjs.org/@swc/core-darwin-x64/-/core-darwin-x64-1.2.61.tgz",
      "integrity": "sha512-Wg3bzVUR5USuwhWrPYNxKKh1XyjqXfdKVVUEMGe8fErPvSwU+CCP9UsnUygRJNitiNk7kkVfkRZhB2sc0xKR/Q==",
      "optional": true
    },
    "@swc/core-freebsd-x64": {
      "version": "1.2.61",
      "resolved": "https://registry.npmjs.org/@swc/core-freebsd-x64/-/core-freebsd-x64-1.2.61.tgz",
      "integrity": "sha512-HxyrT+I9KWihrDPfjApBWyHGMPFeBaqixilIXpV07BBvVhX99ltHxclYlAzUqdi7ywaPdE9qe5f6Z8P46f1WYA==",
      "optional": true
    },
    "@swc/core-linux-arm-gnueabihf": {
      "version": "1.2.61",
      "resolved": "https://registry.npmjs.org/@swc/core-linux-arm-gnueabihf/-/core-linux-arm-gnueabihf-1.2.61.tgz",
      "integrity": "sha512-RUyhZ9psMPJPG9nqTKFzKo83H12Gzc/8N2wZnd1FOMGbWvFaNAGlqru99Uljh1RvFtSt0RdZFrCwhTSa3Y6UYw==",
      "optional": true
    },
    "@swc/core-linux-arm64-gnu": {
      "version": "1.2.61",
      "resolved": "https://registry.npmjs.org/@swc/core-linux-arm64-gnu/-/core-linux-arm64-gnu-1.2.61.tgz",
      "integrity": "sha512-26X6AHxBV7tSSqHEWMwUfKZtQUK60x1yK9UhocBqgyXbpBHYmUZvd2WD/vamtykAhrD/2ZPRCRX1gdyfdnrQGA==",
      "optional": true
    },
    "@swc/core-linux-arm64-musl": {
      "version": "1.2.61",
      "resolved": "https://registry.npmjs.org/@swc/core-linux-arm64-musl/-/core-linux-arm64-musl-1.2.61.tgz",
      "integrity": "sha512-EAN0tAzmYhN8SV6OHrN66VPrcDzVgFqstxR0sbaHRlIAsEYfKoYGy7eQ/6VK2UNmRe6cgaR+CrJIXmVZFc5WeA==",
      "optional": true
    },
    "@swc/core-linux-x64-gnu": {
      "version": "1.2.61",
      "resolved": "https://registry.npmjs.org/@swc/core-linux-x64-gnu/-/core-linux-x64-gnu-1.2.61.tgz",
      "integrity": "sha512-GfDsVOS41GiCSJDStjRXamdDXXaVitMmLmYZccIu2QpLgUjzf6s6c4+YejXSE7VFZZW9i/5vsbCblTRORp2cCg==",
      "optional": true
    },
    "@swc/core-linux-x64-musl": {
      "version": "1.2.61",
      "resolved": "https://registry.npmjs.org/@swc/core-linux-x64-musl/-/core-linux-x64-musl-1.2.61.tgz",
      "integrity": "sha512-kdtePEtfm8Qxs7wF32bJKdZB7QTzcwHKhyedfYdDCUUCtyVx7CmBoB/Qoz9MTkxDtZYWQlS8ohw0Ab7gt1icGg==",
      "optional": true
    },
    "@swc/core-win32-arm64-msvc": {
      "version": "1.2.61",
      "resolved": "https://registry.npmjs.org/@swc/core-win32-arm64-msvc/-/core-win32-arm64-msvc-1.2.61.tgz",
      "integrity": "sha512-t30qeDXhLJmBMSG+5MXll5lA8ihjzvcj36MvRl5+GlEOcS/y1YoVw+lWK9939eBN/FK4QGDKeZjSj2LtVJsnUA==",
      "optional": true
    },
    "@swc/core-win32-ia32-msvc": {
      "version": "1.2.61",
      "resolved": "https://registry.npmjs.org/@swc/core-win32-ia32-msvc/-/core-win32-ia32-msvc-1.2.61.tgz",
      "integrity": "sha512-5yaIHv+1gMd3eS97vNq0cPNSNdcwgn2SCa6JbF6z72K5/OZKNWNMrpWZwop9NbCozB6fg/ZsmskMyekt2y8a7w==",
      "optional": true
    },
    "@swc/core-win32-x64-msvc": {
      "version": "1.2.61",
      "resolved": "https://registry.npmjs.org/@swc/core-win32-x64-msvc/-/core-win32-x64-msvc-1.2.61.tgz",
      "integrity": "sha512-f48UZNGxxj3RY8TO9YeaN8+9L2GBZ1GIIGLnN7jMN2M5qsjOmnKxGicUeiXPR0F7jli9RoT/73dp88XVGkRBVw==",
      "optional": true
    },
    "@types/node": {
      "version": "15.12.4",
      "resolved": "https://registry.npmjs.org/@types/node/-/node-15.12.4.tgz",
      "integrity": "sha512-zrNj1+yqYF4WskCMOHwN+w9iuD12+dGm0rQ35HLl9/Ouuq52cEtd0CH9qMgrdNmi5ejC1/V7vKEXYubB+65DkA==",
      "dev": true
    },
    "tslib": {
      "version": "2.3.0",
      "resolved": "https://registry.npmjs.org/tslib/-/tslib-2.3.0.tgz",
      "integrity": "sha512-N82ooyxVNm6h1riLCoyS9e3fuJ3AMG2zIZs2Gd1ATcSFjSA23Q0fzjjZeh0jbJvWVDZ0cJT8yaNNaaXHzueNjg=="
    },
    "typescript": {
      "version": "4.3.4",
      "resolved": "https://registry.npmjs.org/typescript/-/typescript-4.3.4.tgz",
      "integrity": "sha512-uauPG7XZn9F/mo+7MrsRjyvbxFpzemRjKEZXS4AK83oP2KKOJPvb+9cO/gmnv8arWZvhnjVOXz7B49m1l0e9Ew==",
      "dev": true
    }
  }
}
